// !$*UTF8*$!
{
	archiveVersion = 1;
	classes = {
	};
	objectVersion = 46;
	objects = {

/* Begin PBXBuildFile section */
		5F049FF51CA4118C0093CCDC /* AppDelegate.swift in Sources */ = {isa = PBXBuildFile; fileRef = 5F049FF41CA4118C0093CCDC /* AppDelegate.swift */; };
		5F049FF71CA4118C0093CCDC /* ViewController.swift in Sources */ = {isa = PBXBuildFile; fileRef = 5F049FF61CA4118C0093CCDC /* ViewController.swift */; };
		5F049FFA1CA4118C0093CCDC /* Main.storyboard in Resources */ = {isa = PBXBuildFile; fileRef = 5F049FF81CA4118C0093CCDC /* Main.storyboard */; };
		5F049FFC1CA4118C0093CCDC /* Assets.xcassets in Resources */ = {isa = PBXBuildFile; fileRef = 5F049FFB1CA4118C0093CCDC /* Assets.xcassets */; };
		5F049FFF1CA4118C0093CCDC /* LaunchScreen.storyboard in Resources */ = {isa = PBXBuildFile; fileRef = 5F049FFD1CA4118C0093CCDC /* LaunchScreen.storyboard */; };
/* End PBXBuildFile section */

/* Begin PBXFileReference section */
		5F049FF11CA4118C0093CCDC /* TwitterClient.app */ = {isa = PBXFileReference; explicitFileType = wrapper.application; includeInIndex = 0; path = TwitterClient.app; sourceTree = BUILT_PRODUCTS_DIR; };
		5F049FF41CA4118C0093CCDC /* AppDelegate.swift */ = {isa = PBXFileReference; lastKnownFileType = sourcecode.swift; path = AppDelegate.swift; sourceTree = "<group>"; };
		5F049FF61CA4118C0093CCDC /* ViewController.swift */ = {isa = PBXFileReference; lastKnownFileType = sourcecode.swift; path = ViewController.swift; sourceTree = "<group>"; };
		5F049FF91CA4118C0093CCDC /* Base */ = {isa = PBXFileReference; lastKnownFileType = file.storyboard; name = Base; path = Base.lproj/Main.storyboard; sourceTree = "<group>"; };
		5F049FFB1CA4118C0093CCDC /* Assets.xcassets */ = {isa = PBXFileReference; lastKnownFileType = folder.assetcatalog; path = Assets.xcassets; sourceTree = "<group>"; };
		5F049FFE1CA4118C0093CCDC /* Base */ = {isa = PBXFileReference; lastKnownFileType = file.storyboard; name = Base; path = Base.lproj/LaunchScreen.storyboard; sourceTree = "<group>"; };
		5F04A0001CA4118C0093CCDC /* Info.plist */ = {isa = PBXFileReference; lastKnownFileType = text.plist.xml; path = Info.plist; sourceTree = "<group>"; };
/* End PBXFileReference section */

/* Begin PBXFrameworksBuildPhase section */
		5F049FEE1CA4118C0093CCDC /* Frameworks */ = {
			isa = PBXFrameworksBuildPhase;
			buildActionMask = 2147483647;
			files = (
			);
			runOnlyForDeploymentPostprocessing = 0;
		};
/* End PBXFrameworksBuildPhase section */

/* Begin PBXGroup section */
		5F049FE81CA4118C0093CCDC = {
			isa = PBXGroup;
			children = (
				5F049FF31CA4118C0093CCDC /* TwitterClient */,
				5F049FF21CA4118C0093CCDC /* Products */,
			);
			sourceTree = "<group>";
		};
		5F049FF21CA4118C0093CCDC /* Products */ = {
			isa = PBXGroup;
			children = (
				5F049FF11CA4118C0093CCDC /* TwitterClient.app */,
			);
			name = Products;
			sourceTree = "<group>";
		};
		5F049FF31CA4118C0093CCDC /* TwitterClient */ = {
			isa = PBXGroup;
			children = (
				5F049FF41CA4118C0093CCDC /* AppDelegate.swift */,
				5F049FF61CA4118C0093CCDC /* ViewController.swift */,
				5F049FF81CA4118C0093CCDC /* Main.storyboard */,
				5F049FFB1CA4118C0093CCDC /* Assets.xcassets */,
				5F049FFD1CA4118C0093CCDC /* LaunchScreen.storyboard */,
				5F04A0001CA4118C0093CCDC /* Info.plist */,
			);
			path = TwitterClient;
			sourceTree = "<group>";
		};
/* End PBXGroup section */

/* Begin PBXNativeTarget section */
		5F049FF01CA4118C0093CCDC /* TwitterClient */ = {
			isa = PBXNativeTarget;
			buildConfigurationList = 5F04A0031CA4118C0093CCDC /* Build configuration list for PBXNativeTarget "TwitterClient" */;
			buildPhases = (
				5F049FED1CA4118C0093CCDC /* Sources */,
				5F049FEE1CA4118C0093CCDC /* Frameworks */,
				5F049FEF1CA4118C0093CCDC /* Resources */,
			);
			buildRules = (
			);
			dependencies = (
			);
			name = TwitterClient;
			productName = TwitterClient;
			productReference = 5F049FF11CA4118C0093CCDC /* TwitterClient.app */;
			productType = "com.apple.product-type.application";
		};
/* End PBXNativeTarget section */

/* Begin PBXProject section */
		5F049FE91CA4118C0093CCDC /* Project object */ = {
			isa = PBXProject;
			attributes = {
				LastSwiftUpdateCheck = 0730;
				LastUpgradeCheck = 0730;
				ORGANIZATIONNAME = "Hoang Trung Hieu";
				TargetAttributes = {
					5F049FF01CA4118C0093CCDC = {
						CreatedOnToolsVersion = 7.3;
						DevelopmentTeam = 6L4W2B659A;
					};
				};
			};
			buildConfigurationList = 5F049FEC1CA4118C0093CCDC /* Build configuration list for PBXProject "TwitterClient" */;
			compatibilityVersion = "Xcode 3.2";
			developmentRegion = English;
			hasScannedForEncodings = 0;
			knownRegions = (
				en,
				Base,
			);
			mainGroup = 5F049FE81CA4118C0093CCDC;
			productRefGroup = 5F049FF21CA4118C0093CCDC /* Products */;
			projectDirPath = "";
			projectRoot = "";
			targets = (
				5F049FF01CA4118C0093CCDC /* TwitterClient */,
			);
		};
/* End PBXProject section */

/* Begin PBXResourcesBuildPhase section */
		5F049FEF1CA4118C0093CCDC /* Resources */ = {
			isa = PBXResourcesBuildPhase;
			buildActionMask = 2147483647;
			files = (
				5F049FFF1CA4118C0093CCDC /* LaunchScreen.storyboard in Resources */,
				5F049FFC1CA4118C0093CCDC /* Assets.xcassets in Resources */,
				5F049FFA1CA4118C0093CCDC /* Main.storyboard in Resources */,
			);
			runOnlyForDeploymentPostprocessing = 0;
		};
/* End PBXResourcesBuildPhase section */

/* Begin PBXSourcesBuildPhase section */
		5F049FED1CA4118C0093CCDC /* Sources */ = {
			isa = PBXSourcesBuildPhase;
			buildActionMask = 2147483647;
			files = (
				5F049FF71CA4118C0093CCDC /* ViewController.swift in Sources */,
				5F049FF51CA4118C0093CCDC /* AppDelegate.swift in Sources */,
			);
			runOnlyForDeploymentPostprocessing = 0;
		};
/* End PBXSourcesBuildPhase section */

/* Begin PBXVariantGroup section */
		5F049FF81CA4118C0093CCDC /* Main.storyboard */ = {
			isa = PBXVariantGroup;
			children = (
				5F049FF91CA4118C0093CCDC /* Base */,
			);
			name = Main.storyboard;
			sourceTree = "<group>";
		};
		5F049FFD1CA4118C0093CCDC /* LaunchScreen.storyboard */ = {
			isa = PBXVariantGroup;
			children = (
				5F049FFE1CA4118C0093CCDC /* Base */,
			);
			name = LaunchScreen.storyboard;
			sourceTree = "<group>";
		};
/* End PBXVariantGroup section */

/* Begin XCBuildConfiguration section */
		5F04A0011CA4118C0093CCDC /* Debug */ = {
			isa = XCBuildConfiguration;
			buildSettings = {
				ALWAYS_SEARCH_USER_PATHS = NO;
				CLANG_ANALYZER_NONNULL = YES;
				CLANG_CXX_LANGUAGE_STANDARD = "gnu++0x";
				CLANG_CXX_LIBRARY = "libc++";
				CLANG_ENABLE_MODULES = YES;
				CLANG_ENABLE_OBJC_ARC = YES;
				CLANG_WARN_BOOL_CONVERSION = YES;
				CLANG_WARN_CONSTANT_CONVERSION = YES;
				CLANG_WARN_DIRECT_OBJC_ISA_USAGE = YES_ERROR;
				CLANG_WARN_EMPTY_BODY = YES;
				CLANG_WARN_ENUM_CONVERSION = YES;
				CLANG_WARN_INT_CONVERSION = YES;
				CLANG_WARN_OBJC_ROOT_CLASS = YES_ERROR;
				CLANG_WARN_UNREACHABLE_CODE = YES;
				CLANG_WARN__DUPLICATE_METHOD_MATCH = YES;
				"CODE_SIGN_IDENTITY[sdk=iphoneos*]" = "iPhone Developer";
				COPY_PHASE_STRIP = NO;
				DEBUG_INFORMATION_FORMAT = dwarf;
				ENABLE_STRICT_OBJC_MSGSEND = YES;
				ENABLE_TESTABILITY = YES;
				GCC_C_LANGUAGE_STANDARD = gnu99;
				GCC_DYNAMIC_NO_PIC = NO;
				GCC_NO_COMMON_BLOCKS = YES;
				GCC_OPTIMIZATION_LEVEL = 0;
				GCC_PREPROCESSOR_DEFINITIONS = (
					"DEBUG=1",
					"$(inherited)",
				);
				GCC_WARN_64_TO_32_BIT_CONVERSION = YES;
				GCC_WARN_ABOUT_RETURN_TYPE = YES_ERROR;
				GCC_WARN_UNDECLARED_SELECTOR = YES;
				GCC_WARN_UNINITIALIZED_AUTOS = YES_AGGRESSIVE;
				GCC_WARN_UNUSED_FUNCTION = YES;
				GCC_WARN_UNUSED_VARIABLE = YES;
				IPHONEOS_DEPLOYMENT_TARGET = 9.3;
				MTL_ENABLE_DEBUG_INFO = YES;
				ONLY_ACTIVE_ARCH = YES;
				SDKROOT = iphoneos;
				SWIFT_OPTIMIZATION_LEVEL = "-Onone";
			};
			name = Debug;
		};
		5F04A0021CA4118C0093CCDC /* Release */ = {
			isa = XCBuildConfiguration;
			buildSettings = {
				ALWAYS_SEARCH_USER_PATHS = NO;
				CLANG_ANALYZER_NONNULL = YES;
				CLANG_CXX_LANGUAGE_STANDARD = "gnu++0x";
				CLANG_CXX_LIBRARY = "libc++";
				CLANG_ENABLE_MODULES = YES;
				CLANG_ENABLE_OBJC_ARC = YES;
				CLANG_WARN_BOOL_CONVERSION = YES;
				CLANG_WARN_CONSTANT_CONVERSION = YES;
				CLANG_WARN_DIRECT_OBJC_ISA_USAGE = YES_ERROR;
				CLANG_WARN_EMPTY_BODY = YES;
				CLANG_WARN_ENUM_CONVERSION = YES;
				CLANG_WARN_INT_CONVERSION = YES;
				CLANG_WARN_OBJC_ROOT_CLASS = YES_ERROR;
				CLANG_WARN_UNREACHABLE_CODE = YES;
				CLANG_WARN__DUPLICATE_METHOD_MATCH = YES;
				"CODE_SIGN_IDENTITY[sdk=iphoneos*]" = "iPhone Developer";
				COPY_PHASE_STRIP = NO;
				DEBUG_INFORMATION_FORMAT = "dwarf-with-dsym";
				ENABLE_NS_ASSERTIONS = NO;
				ENABLE_STRICT_OBJC_MSGSEND = YES;
				GCC_C_LANGUAGE_STANDARD = gnu99;
				GCC_NO_COMMON_BLOCKS = YES;
				GCC_WARN_64_TO_32_BIT_CONVERSION = YES;
				GCC_WARN_ABOUT_RETURN_TYPE = YES_ERROR;
				GCC_WARN_UNDECLARED_SELECTOR = YES;
				GCC_WARN_UNINITIALIZED_AUTOS = YES_AGGRESSIVE;
				GCC_WARN_UNUSED_FUNCTION = YES;
				GCC_WARN_UNUSED_VARIABLE = YES;
				IPHONEOS_DEPLOYMENT_TARGET = 9.3;
				MTL_ENABLE_DEBUG_INFO = NO;
				SDKROOT = iphoneos;
				VALIDATE_PRODUCT = YES;
			};
			name = Release;
		};
		5F04A0041CA4118C0093CCDC /* Debug */ = {
			isa = XCBuildConfiguration;
			buildSettings = {
				ASSETCATALOG_COMPILER_APPICON_NAME = AppIcon;
				INFOPLIST_FILE = TwitterClient/Info.plist;
				LD_RUNPATH_SEARCH_PATHS = "$(inherited) @executable_path/Frameworks";
				PRODUCT_BUNDLE_IDENTIFIER = me.hieupious.TwitterClient;
				PRODUCT_NAME = "$(TARGET_NAME)";
			};
			name = Debug;
		};
		5F04A0051CA4118C0093CCDC /* Release */ = {
			isa = XCBuildConfiguration;
			buildSettings = {
				ASSETCATALOG_COMPILER_APPICON_NAME = AppIcon;
				INFOPLIST_FILE = TwitterClient/Info.plist;
				LD_RUNPATH_SEARCH_PATHS = "$(inherited) @executable_path/Frameworks";
				PRODUCT_BUNDLE_IDENTIFIER = me.hieupious.TwitterClient;
				PRODUCT_NAME = "$(TARGET_NAME)";
			};
			name = Release;
		};
/* End XCBuildConfiguration section */

/* Begin XCConfigurationList section */
		5F049FEC1CA4118C0093CCDC /* Build configuration list for PBXProject "TwitterClient" */ = {
			isa = XCConfigurationList;
			buildConfigurations = (
				5F04A0011CA4118C0093CCDC /* Debug */,
				5F04A0021CA4118C0093CCDC /* Release */,
			);
			defaultConfigurationIsVisible = 0;
			defaultConfigurationName = Release;
		};
		5F04A0031CA4118C0093CCDC /* Build configuration list for PBXNativeTarget "TwitterClient" */ = {
			isa = XCConfigurationList;
			buildConfigurations = (
				5F04A0041CA4118C0093CCDC /* Debug */,
				5F04A0051CA4118C0093CCDC /* Release */,
			);
			defaultConfigurationIsVisible = 0;
		};
/* End XCConfigurationList section */
	};
	rootObject = 5F049FE91CA4118C0093CCDC /* Project object */;
}
